
Microsoft Visual Studio Solution File, Format Version 12.00
# Visual Studio Version 16
VisualStudioVersion = 16.0.31321.278
MinimumVisualStudioVersion = 10.0.40219.1
Project("{FAE04EC0-301F-11D3-BF4B-00C04F79EFBC}") = "MinhaAPICoreDemo", "MinhaAPICoreDemo\MinhaAPICoreDemo.csproj", "{D995CD50-6F23-4034-BC3A-9048BD4FF10A}"
EndProject
Global
	GlobalSection(SolutionConfigurationPlatforms) = preSolution
		Debug|Any CPU = Debug|Any CPU
		Release|Any CPU = Release|Any CPU
	EndGlobalSection
	GlobalSection(ProjectConfigurationPlatforms) = postSolution
		{D995CD50-6F23-4034-BC3A-9048BD4FF10A}.Debug|Any CPU.ActiveCfg = Debug|Any CPU
		{D995CD50-6F23-4034-BC3A-9048BD4FF10A}.Debug|Any CPU.Build.0 = Debug|Any CPU
		{D995CD50-6F23-4034-BC3A-9048BD4FF10A}.Release|Any CPU.ActiveCfg = Release|Any CPU
		{D995CD50-6F23-4034-BC3A-9048BD4FF10A}.Release|Any CPU.Build.0 = Release|Any CPU
	EndGlobalSection
	GlobalSection(SolutionProperties) = preSolution
		HideSolutionNode = FALSE
	EndGlobalSection
	GlobalSection(ExtensibilityGlobals) = postSolution
		SolutionGuid = {29C4737A-ED12-44A8-93D6-4E262800983D}
	EndGlobalSection
EndGlobal
