
Microsoft Visual Studio Solution File, Format Version 12.00
# Visual Studio Version 16
VisualStudioVersion = 16.0.31321.278
MinimumVisualStudioVersion = 10.0.40219.1
Project("{9A19103F-16F7-4668-BE54-9A1E7A4F7556}") = "DevIO.Business", "src\DevIO.Business\DevIO.Business.csproj", "{6B50BD7B-97A7-4025-8ABB-058FED3545F1}"
EndProject
Project("{9A19103F-16F7-4668-BE54-9A1E7A4F7556}") = "DevIO.Data", "src\DevIO.Data\DevIO.Data.csproj", "{9D967966-A732-45CB-ACAF-463DFF8905DB}"
EndProject
Project("{9A19103F-16F7-4668-BE54-9A1E7A4F7556}") = "DevIO.Api", "src\DevIO.Api\DevIO.Api.csproj", "{63461AA0-2CC3-4DBC-A519-74060F33B82D}"
EndProject
Global
	GlobalSection(SolutionConfigurationPlatforms) = preSolution
		Debug|Any CPU = Debug|Any CPU
		Release|Any CPU = Release|Any CPU
	EndGlobalSection
	GlobalSection(ProjectConfigurationPlatforms) = postSolution
		{6B50BD7B-97A7-4025-8ABB-058FED3545F1}.Debug|Any CPU.ActiveCfg = Debug|Any CPU
		{6B50BD7B-97A7-4025-8ABB-058FED3545F1}.Debug|Any CPU.Build.0 = Debug|Any CPU
		{6B50BD7B-97A7-4025-8ABB-058FED3545F1}.Release|Any CPU.ActiveCfg = Release|Any CPU
		{6B50BD7B-97A7-4025-8ABB-058FED3545F1}.Release|Any CPU.Build.0 = Release|Any CPU
		{9D967966-A732-45CB-ACAF-463DFF8905DB}.Debug|Any CPU.ActiveCfg = Debug|Any CPU
		{9D967966-A732-45CB-ACAF-463DFF8905DB}.Debug|Any CPU.Build.0 = Debug|Any CPU
		{9D967966-A732-45CB-ACAF-463DFF8905DB}.Release|Any CPU.ActiveCfg = Release|Any CPU
		{9D967966-A732-45CB-ACAF-463DFF8905DB}.Release|Any CPU.Build.0 = Release|Any CPU
		{63461AA0-2CC3-4DBC-A519-74060F33B82D}.Debug|Any CPU.ActiveCfg = Debug|Any CPU
		{63461AA0-2CC3-4DBC-A519-74060F33B82D}.Debug|Any CPU.Build.0 = Debug|Any CPU
		{63461AA0-2CC3-4DBC-A519-74060F33B82D}.Release|Any CPU.ActiveCfg = Release|Any CPU
		{63461AA0-2CC3-4DBC-A519-74060F33B82D}.Release|Any CPU.Build.0 = Release|Any CPU
	EndGlobalSection
	GlobalSection(SolutionProperties) = preSolution
		HideSolutionNode = FALSE
	EndGlobalSection
	GlobalSection(ExtensibilityGlobals) = postSolution
		SolutionGuid = {8F8525C5-919A-402F-8FDA-A544BB6A0D43}
	EndGlobalSection
EndGlobal
